{
  "name": "@bsansouci/reasongl",
  "version": "1.0.1",
  "lockfileVersion": 1,
  "requires": true,
  "dependencies": {
    "@bsansouci/tgls": {
      "version": "0.8.4",
      "resolved": "https://registry.npmjs.org/@bsansouci/tgls/-/tgls-0.8.4.tgz",
      "integrity": "sha512-BELFkZS1H8z8z1kTYiVJJc5WXY1KsY8oqfQZ2auwzonTLqIDq9cHIGx0IK5obxseCuiJdpxTx4lhlX3ju2IG+g=="
    },
    "@bsansouci/tsdl": {
      "version": "0.9.1",
      "resolved": "https://registry.npmjs.org/@bsansouci/tsdl/-/tsdl-0.9.1.tgz",
      "integrity": "sha512-AAIdaYdJuTTO6IZ+YZJJJ8elspUcf2QJsBZ3KNwFDk9e7/HpPTyFtsOVHBPdu0mn+luI0OigUPwopI97esmL0g==",
      "requires": {
        "sdl2": "github:bsansouci/SDL-mirror#fast"
      }
    },
    "bsb-native": {
      "version": "4.0.6",
      "resolved": "https://registry.npmjs.org/bsb-native/-/bsb-native-4.0.6.tgz",
      "integrity": "sha512-T1MkndnmA4StiKK2UvEftrqANN+h9StlLghBbwmKa833d97D86np+2wmIOw5Rqy6rNW3D076A2G51mooWTUwfQ==",
      "dev": true,
      "requires": {
        "yauzl": "^2.9.1"
      }
    },
    "buffer-crc32": {
      "version": "0.2.13",
      "resolved": "https://registry.npmjs.org/buffer-crc32/-/buffer-crc32-0.2.13.tgz",
      "integrity": "sha1-DTM+PwDqxQqhRUq9MO+MKl2ackI="
    },
    "fd-slicer": {
      "version": "1.1.0",
      "resolved": "https://registry.npmjs.org/fd-slicer/-/fd-slicer-1.1.0.tgz",
      "integrity": "sha1-JcfInLH5B3+IkbvmHY85Dq4lbx4=",
      "requires": {
        "pend": "~1.2.0"
      }
    },
    "gl-matrix": {
      "version": "2.6.1",
      "resolved": "https://registry.npmjs.org/gl-matrix/-/gl-matrix-2.6.1.tgz",
      "integrity": "sha512-fK37p7vkpw5H4WSypfa6TUV8nlB8+Fd1pZj15sMtvRPnfzArvTI4U4E25x2Hmp+UxZX11ve0aGaHarRieP+gSw=="
    },
    "pend": {
      "version": "1.2.0",
      "resolved": "https://registry.npmjs.org/pend/-/pend-1.2.0.tgz",
      "integrity": "sha1-elfrVQpng/kRUzH89GY9XI4AelA="
    },
    "sdl2": {
      "version": "github:bsansouci/SDL-mirror#db0756eec3c5979b8291d739ebac9e8747ccbac2",
      "from": "github:bsansouci/SDL-mirror#fast",
      "requires": {
        "yauzl": "^2.9.1"
      }
    },
    "yauzl": {
      "version": "2.9.2",
      "resolved": "https://registry.npmjs.org/yauzl/-/yauzl-2.9.2.tgz",
      "integrity": "sha1-T7G8euH8L1cDe1SvasyP4QMcW3c=",
      "requires": {
        "buffer-crc32": "~0.2.3",
        "fd-slicer": "~1.1.0"
      }
    }
  }
}
